
Microsoft Visual Studio Solution File, Format Version 12.00
# Visual Studio Version 16
VisualStudioVersion = 16.0.30717.126
MinimumVisualStudioVersion = 10.0.40219.1
Project("{FAE04EC0-301F-11D3-BF4B-00C04F79EFBC}") = "CommonLib", "CommonLib\CommonLib.csproj", "{949AE9BC-2316-4147-B6CD-CB50CED03390}"
EndProject
Global
	GlobalSection(SolutionConfigurationPlatforms) = preSolution
		Debug|Any CPU = Debug|Any CPU
		Release|Any CPU = Release|Any CPU
	EndGlobalSection
	GlobalSection(ProjectConfigurationPlatforms) = postSolution
		{949AE9BC-2316-4147-B6CD-CB50CED03390}.Debug|Any CPU.ActiveCfg = Debug|Any CPU
		{949AE9BC-2316-4147-B6CD-CB50CED03390}.Debug|Any CPU.Build.0 = Debug|Any CPU
		{949AE9BC-2316-4147-B6CD-CB50CED03390}.Release|Any CPU.ActiveCfg = Release|Any CPU
		{949AE9BC-2316-4147-B6CD-CB50CED03390}.Release|Any CPU.Build.0 = Release|Any CPU
	EndGlobalSection
	GlobalSection(SolutionProperties) = preSolution
		HideSolutionNode = FALSE
	EndGlobalSection
	GlobalSection(ExtensibilityGlobals) = postSolution
		SolutionGuid = {26701DF8-4CB1-4586-96B7-A63746855F83}
	EndGlobalSection
EndGlobal
